
Microsoft Visual Studio Solution File, Format Version 12.00
# Visual Studio Version 16
VisualStudioVersion = 16.0.30114.105
MinimumVisualStudioVersion = 10.0.40219.1
Project("{8BC9CEB8-8B4A-11D0-8D11-00A0C91BC942}") = "L4", "L4\L4.vcxproj", "{D35067C7-040A-4EFF-80C6-E73E066F1CDF}"
EndProject
Global
	GlobalSection(SolutionConfigurationPlatforms) = preSolution
		Debug|x64 = Debug|x64
		Debug|x86 = Debug|x86
		Release|x64 = Release|x64
		Release|x86 = Release|x86
	EndGlobalSection
	GlobalSection(ProjectConfigurationPlatforms) = postSolution
		{D35067C7-040A-4EFF-80C6-E73E066F1CDF}.Debug|x64.ActiveCfg = Debug|x64
		{D35067C7-040A-4EFF-80C6-E73E066F1CDF}.Debug|x64.Build.0 = Debug|x64
		{D35067C7-040A-4EFF-80C6-E73E066F1CDF}.Debug|x86.ActiveCfg = Debug|Win32
		{D35067C7-040A-4EFF-80C6-E73E066F1CDF}.Debug|x86.Build.0 = Debug|Win32
		{D35067C7-040A-4EFF-80C6-E73E066F1CDF}.Release|x64.ActiveCfg = Release|x64
		{D35067C7-040A-4EFF-80C6-E73E066F1CDF}.Release|x64.Build.0 = Release|x64
		{D35067C7-040A-4EFF-80C6-E73E066F1CDF}.Release|x86.ActiveCfg = Release|Win32
		{D35067C7-040A-4EFF-80C6-E73E066F1CDF}.Release|x86.Build.0 = Release|Win32
	EndGlobalSection
	GlobalSection(SolutionProperties) = preSolution
		HideSolutionNode = FALSE
	EndGlobalSection
	GlobalSection(ExtensibilityGlobals) = postSolution
		SolutionGuid = {157912CD-B373-4508-93D9-39ACCAA91A35}
	EndGlobalSection
EndGlobal
